<?xml version="1.0" encoding="utf-8"?>
<Project ToolsVersion="4.0" xmlns="http://schemas.microsoft.com/developer/msbuild/2003">
  <ItemGroup>
    <Filter Include="Source Files">
      <UniqueIdentifier>{4FC737F1-C7A5-4376-A066-2A32D752A2FF}</UniqueIdentifier>
      <Extensions>cpp;c;cc;cxx;def;odl;idl;hpj;bat;asm;asmx</Extensions>
    </Filter>
    <Filter Include="Header Files">
      <UniqueIdentifier>{93995380-89BD-4b04-88EB-625FBE52EBFB}</UniqueIdentifier>
      <Extensions>h;hh;hpp;hxx;hm;inl;inc;xsd</Extensions>
    </Filter>
    <Filter Include="Resource Files">
      <UniqueIdentifier>{67DA6AB6-F800-4c08-8B7A-83BB121AAD01}</UniqueIdentifier>
      <Extensions>rc;ico;cur;bmp;dlg;rc2;rct;bin;rgs;gif;jpg;jpeg;jpe;resx;tiff;tif;png;wav;mfcribbon-ms</Extensions>
    </Filter>
    <Filter Include="Header Files\Renderable">
      <UniqueIdentifier>{57270c75-267c-459f-95f5-d2f49d4b3e14}</UniqueIdentifier>
    </Filter>
    <Filter Include="Source Files\Renderable">
      <UniqueIdentifier>{060542dd-474c-40f4-9d35-6ad843d653f5}</UniqueIdentifier>
    </Filter>
    <Filter Include="Header Files\Renderable\UI">
      <UniqueIdentifier>{eea31571-93c8-4b2b-ac56-da0d84af4fb9}</UniqueIdentifier>
    </Filter>
    <Filter Include="Source Files\Renderable\UI">
      <UniqueIdentifier>{51c291d6-6d82-4407-a113-8c403327b9f1}</UniqueIdentifier>
    </Filter>
  </ItemGroup>
  <ItemGroup>
    <ClInclude Include="stdafx.h">
      <Filter>Header Files</Filter>
    </ClInclude>
    <ClInclude Include="targetver.h">
      <Filter>Header Files</Filter>
    </ClInclude>
    <ClInclude Include="Resources.h">
      <Filter>Header Files</Filter>
    </ClInclude>
    <ClInclude Include="GeoCoordinate.h">
      <Filter>Header Files</Filter>
    </ClInclude>
    <ClInclude Include="SatelliteLoader.h">
      <Filter>Header Files</Filter>
    </ClInclude>
    <ClInclude Include="Program.h">
      <Filter>Header Files</Filter>
    </ClInclude>
    <ClInclude Include="LoadError.hpp">
      <Filter>Header Files</Filter>
    </ClInclude>
    <ClInclude Include="Globals.h">
      <Filter>Header Files</Filter>
    </ClInclude>
    <ClInclude Include="Satellite.h">
      <Filter>Header Files\Renderable</Filter>
    </ClInclude>
    <ClInclude Include="ScreenText.h">
      <Filter>Header Files\Renderable</Filter>
    </ClInclude>
    <ClInclude Include="Sprite.h">
      <Filter>Header Files\Renderable</Filter>
    </ClInclude>
    <ClInclude Include="Texture.h">
      <Filter>Header Files\Renderable</Filter>
    </ClInclude>
    <ClInclude Include="UIElement.h">
      <Filter>Header Files\Renderable\UI</Filter>
    </ClInclude>
    <ClInclude Include="Menu.h">
      <Filter>Header Files\Renderable\UI</Filter>
    </ClInclude>
    <ClInclude Include="Button.h">
      <Filter>Header Files\Renderable\UI</Filter>
    </ClInclude>
    <ClInclude Include="ProgramState.h">
      <Filter>Header Files</Filter>
    </ClInclude>
    <ClInclude Include="UISatellite.h">
      <Filter>Header Files\Renderable\UI</Filter>
    </ClInclude>
    <ClInclude Include="Popup.h">
      <Filter>Header Files\Renderable\UI</Filter>
    </ClInclude>
    <ClInclude Include="Map.h">
      <Filter>Header Files\Renderable\UI</Filter>
    </ClInclude>
    <ClInclude Include="Trajectory.h">
      <Filter>Header Files\Renderable</Filter>
    </ClInclude>
    <ClInclude Include="Config.h">
      <Filter>Header Files</Filter>
    </ClInclude>
  </ItemGroup>
  <ItemGroup>
    <ClCompile Include="main.cpp">
      <Filter>Source Files</Filter>
    </ClCompile>
    <ClCompile Include="stdafx.cpp">
      <Filter>Source Files</Filter>
    </ClCompile>
    <ClCompile Include="Resources.cpp">
      <Filter>Source Files</Filter>
    </ClCompile>
    <ClCompile Include="GeoCoordinate.cpp">
      <Filter>Source Files</Filter>
    </ClCompile>
    <ClCompile Include="SatelliteLoader.cpp">
      <Filter>Source Files</Filter>
    </ClCompile>
    <ClCompile Include="Program.cpp">
      <Filter>Source Files</Filter>
    </ClCompile>
    <ClCompile Include="Satellite.cpp">
      <Filter>Source Files\Renderable</Filter>
    </ClCompile>
    <ClCompile Include="ScreenText.cpp">
      <Filter>Source Files\Renderable</Filter>
    </ClCompile>
    <ClCompile Include="Sprite.cpp">
      <Filter>Source Files\Renderable</Filter>
    </ClCompile>
    <ClCompile Include="Texture.cpp">
      <Filter>Source Files\Renderable</Filter>
    </ClCompile>
    <ClCompile Include="UIElement.cpp">
      <Filter>Source Files\Renderable\UI</Filter>
    </ClCompile>
    <ClCompile Include="Menu.cpp">
      <Filter>Source Files\Renderable\UI</Filter>
    </ClCompile>
    <ClCompile Include="Button.cpp">
      <Filter>Source Files\Renderable\UI</Filter>
    </ClCompile>
    <ClCompile Include="Popup.cpp">
      <Filter>Source Files\Renderable\UI</Filter>
    </ClCompile>
    <ClCompile Include="UISatellite.cpp">
      <Filter>Source Files\Renderable\UI</Filter>
    </ClCompile>
    <ClCompile Include="Map.cpp">
      <Filter>Source Files\Renderable\UI</Filter>
    </ClCompile>
    <ClCompile Include="Trajectory.cpp">
      <Filter>Source Files\Renderable</Filter>
    </ClCompile>
    <ClCompile Include="Config.cpp">
      <Filter>Source Files</Filter>
    </ClCompile>
  </ItemGroup>
</Project>